
Microsoft Visual Studio Solution File, Format Version 12.00
# Visual Studio Version 17
VisualStudioVersion = 17.0.31903.59
MinimumVisualStudioVersion = 10.0.40219.1
Project("{FAE04EC0-301F-11D3-BF4B-00C04F79EFBC}") = "lab1", "lab1\lab1.csproj", "{73FE3B00-45CF-4FAF-8268-E62BCF744C3B}"
EndProject
Project("{FAE04EC0-301F-11D3-BF4B-00C04F79EFBC}") = "lab2", "lab2\lab2.csproj", "{97DB77CF-827E-4A20-86AB-603AB289699E}"
EndProject
Project("{FAE04EC0-301F-11D3-BF4B-00C04F79EFBC}") = "lab3", "lab3\lab3.csproj", "{B013942E-4BA5-4205-B8F2-D1673B1EF362}"
EndProject
Project("{FAE04EC0-301F-11D3-BF4B-00C04F79EFBC}") = "lab4", "lab4\lab4.csproj", "{0B35701A-70C3-4446-907E-9859AC8D2A07}"
EndProject
Project("{FAE04EC0-301F-11D3-BF4B-00C04F79EFBC}") = "lab5", "lab5\lab5.csproj", "{015AE6DC-E1D8-4DF6-AC83-0BFD00546C79}"
EndProject
Project("{FAE04EC0-301F-11D3-BF4B-00C04F79EFBC}") = "lab6", "lab6\lab6.csproj", "{CD5105C0-FAF3-4F4B-BFF7-06985ED348DF}"
EndProject
Project("{FAE04EC0-301F-11D3-BF4B-00C04F79EFBC}") = "lab7", "lab7\lab7.csproj", "{C7F53DF6-8F0B-44AF-AB0E-13733F97C6F3}"
EndProject
Project("{FAE04EC0-301F-11D3-BF4B-00C04F79EFBC}") = "lab8", "lab8\lab8.csproj", "{E77EFC94-4BB1-465C-89A0-6CA070D20670}"
EndProject
Project("{FAE04EC0-301F-11D3-BF4B-00C04F79EFBC}") = "lab9", "lab9\lab9.csproj", "{5888C45D-A6DC-45D1-8869-2FF97E77A6F4}"
EndProject
Global
	GlobalSection(SolutionConfigurationPlatforms) = preSolution
		Debug|Any CPU = Debug|Any CPU
		Debug|x64 = Debug|x64
		Debug|x86 = Debug|x86
		Release|Any CPU = Release|Any CPU
		Release|x64 = Release|x64
		Release|x86 = Release|x86
	EndGlobalSection
	GlobalSection(ProjectConfigurationPlatforms) = postSolution
		{73FE3B00-45CF-4FAF-8268-E62BCF744C3B}.Debug|Any CPU.ActiveCfg = Debug|Any CPU
		{73FE3B00-45CF-4FAF-8268-E62BCF744C3B}.Debug|Any CPU.Build.0 = Debug|Any CPU
		{73FE3B00-45CF-4FAF-8268-E62BCF744C3B}.Debug|x64.ActiveCfg = Debug|Any CPU
		{73FE3B00-45CF-4FAF-8268-E62BCF744C3B}.Debug|x64.Build.0 = Debug|Any CPU
		{73FE3B00-45CF-4FAF-8268-E62BCF744C3B}.Debug|x86.ActiveCfg = Debug|Any CPU
		{73FE3B00-45CF-4FAF-8268-E62BCF744C3B}.Debug|x86.Build.0 = Debug|Any CPU
		{73FE3B00-45CF-4FAF-8268-E62BCF744C3B}.Release|Any CPU.ActiveCfg = Release|Any CPU
		{73FE3B00-45CF-4FAF-8268-E62BCF744C3B}.Release|Any CPU.Build.0 = Release|Any CPU
		{73FE3B00-45CF-4FAF-8268-E62BCF744C3B}.Release|x64.ActiveCfg = Release|Any CPU
		{73FE3B00-45CF-4FAF-8268-E62BCF744C3B}.Release|x64.Build.0 = Release|Any CPU
		{73FE3B00-45CF-4FAF-8268-E62BCF744C3B}.Release|x86.ActiveCfg = Release|Any CPU
		{73FE3B00-45CF-4FAF-8268-E62BCF744C3B}.Release|x86.Build.0 = Release|Any CPU
		{97DB77CF-827E-4A20-86AB-603AB289699E}.Debug|Any CPU.ActiveCfg = Debug|Any CPU
		{97DB77CF-827E-4A20-86AB-603AB289699E}.Debug|Any CPU.Build.0 = Debug|Any CPU
		{97DB77CF-827E-4A20-86AB-603AB289699E}.Debug|x64.ActiveCfg = Debug|Any CPU
		{97DB77CF-827E-4A20-86AB-603AB289699E}.Debug|x64.Build.0 = Debug|Any CPU
		{97DB77CF-827E-4A20-86AB-603AB289699E}.Debug|x86.ActiveCfg = Debug|Any CPU
		{97DB77CF-827E-4A20-86AB-603AB289699E}.Debug|x86.Build.0 = Debug|Any CPU
		{97DB77CF-827E-4A20-86AB-603AB289699E}.Release|Any CPU.ActiveCfg = Release|Any CPU
		{97DB77CF-827E-4A20-86AB-603AB289699E}.Release|Any CPU.Build.0 = Release|Any CPU
		{97DB77CF-827E-4A20-86AB-603AB289699E}.Release|x64.ActiveCfg = Release|Any CPU
		{97DB77CF-827E-4A20-86AB-603AB289699E}.Release|x64.Build.0 = Release|Any CPU
		{97DB77CF-827E-4A20-86AB-603AB289699E}.Release|x86.ActiveCfg = Release|Any CPU
		{97DB77CF-827E-4A20-86AB-603AB289699E}.Release|x86.Build.0 = Release|Any CPU
		{B013942E-4BA5-4205-B8F2-D1673B1EF362}.Debug|Any CPU.ActiveCfg = Debug|Any CPU
		{B013942E-4BA5-4205-B8F2-D1673B1EF362}.Debug|Any CPU.Build.0 = Debug|Any CPU
		{B013942E-4BA5-4205-B8F2-D1673B1EF362}.Debug|x64.ActiveCfg = Debug|Any CPU
		{B013942E-4BA5-4205-B8F2-D1673B1EF362}.Debug|x64.Build.0 = Debug|Any CPU
		{B013942E-4BA5-4205-B8F2-D1673B1EF362}.Debug|x86.ActiveCfg = Debug|Any CPU
		{B013942E-4BA5-4205-B8F2-D1673B1EF362}.Debug|x86.Build.0 = Debug|Any CPU
		{B013942E-4BA5-4205-B8F2-D1673B1EF362}.Release|Any CPU.ActiveCfg = Release|Any CPU
		{B013942E-4BA5-4205-B8F2-D1673B1EF362}.Release|Any CPU.Build.0 = Release|Any CPU
		{B013942E-4BA5-4205-B8F2-D1673B1EF362}.Release|x64.ActiveCfg = Release|Any CPU
		{B013942E-4BA5-4205-B8F2-D1673B1EF362}.Release|x64.Build.0 = Release|Any CPU
		{B013942E-4BA5-4205-B8F2-D1673B1EF362}.Release|x86.ActiveCfg = Release|Any CPU
		{B013942E-4BA5-4205-B8F2-D1673B1EF362}.Release|x86.Build.0 = Release|Any CPU
		{0B35701A-70C3-4446-907E-9859AC8D2A07}.Debug|Any CPU.ActiveCfg = Debug|Any CPU
		{0B35701A-70C3-4446-907E-9859AC8D2A07}.Debug|Any CPU.Build.0 = Debug|Any CPU
		{0B35701A-70C3-4446-907E-9859AC8D2A07}.Debug|x64.ActiveCfg = Debug|Any CPU
		{0B35701A-70C3-4446-907E-9859AC8D2A07}.Debug|x64.Build.0 = Debug|Any CPU
		{0B35701A-70C3-4446-907E-9859AC8D2A07}.Debug|x86.ActiveCfg = Debug|Any CPU
		{0B35701A-70C3-4446-907E-9859AC8D2A07}.Debug|x86.Build.0 = Debug|Any CPU
		{0B35701A-70C3-4446-907E-9859AC8D2A07}.Release|Any CPU.ActiveCfg = Release|Any CPU
		{0B35701A-70C3-4446-907E-9859AC8D2A07}.Release|Any CPU.Build.0 = Release|Any CPU
		{0B35701A-70C3-4446-907E-9859AC8D2A07}.Release|x64.ActiveCfg = Release|Any CPU
		{0B35701A-70C3-4446-907E-9859AC8D2A07}.Release|x64.Build.0 = Release|Any CPU
		{0B35701A-70C3-4446-907E-9859AC8D2A07}.Release|x86.ActiveCfg = Release|Any CPU
		{0B35701A-70C3-4446-907E-9859AC8D2A07}.Release|x86.Build.0 = Release|Any CPU
		{015AE6DC-E1D8-4DF6-AC83-0BFD00546C79}.Debug|Any CPU.ActiveCfg = Debug|Any CPU
		{015AE6DC-E1D8-4DF6-AC83-0BFD00546C79}.Debug|Any CPU.Build.0 = Debug|Any CPU
		{015AE6DC-E1D8-4DF6-AC83-0BFD00546C79}.Debug|x64.ActiveCfg = Debug|Any CPU
		{015AE6DC-E1D8-4DF6-AC83-0BFD00546C79}.Debug|x64.Build.0 = Debug|Any CPU
		{015AE6DC-E1D8-4DF6-AC83-0BFD00546C79}.Debug|x86.ActiveCfg = Debug|Any CPU
		{015AE6DC-E1D8-4DF6-AC83-0BFD00546C79}.Debug|x86.Build.0 = Debug|Any CPU
		{015AE6DC-E1D8-4DF6-AC83-0BFD00546C79}.Release|Any CPU.ActiveCfg = Release|Any CPU
		{015AE6DC-E1D8-4DF6-AC83-0BFD00546C79}.Release|Any CPU.Build.0 = Release|Any CPU
		{015AE6DC-E1D8-4DF6-AC83-0BFD00546C79}.Release|x64.ActiveCfg = Release|Any CPU
		{015AE6DC-E1D8-4DF6-AC83-0BFD00546C79}.Release|x64.Build.0 = Release|Any CPU
		{015AE6DC-E1D8-4DF6-AC83-0BFD00546C79}.Release|x86.ActiveCfg = Release|Any CPU
		{015AE6DC-E1D8-4DF6-AC83-0BFD00546C79}.Release|x86.Build.0 = Release|Any CPU
		{CD5105C0-FAF3-4F4B-BFF7-06985ED348DF}.Debug|Any CPU.ActiveCfg = Debug|Any CPU
		{CD5105C0-FAF3-4F4B-BFF7-06985ED348DF}.Debug|Any CPU.Build.0 = Debug|Any CPU
		{CD5105C0-FAF3-4F4B-BFF7-06985ED348DF}.Debug|x64.ActiveCfg = Debug|Any CPU
		{CD5105C0-FAF3-4F4B-BFF7-06985ED348DF}.Debug|x64.Build.0 = Debug|Any CPU
		{CD5105C0-FAF3-4F4B-BFF7-06985ED348DF}.Debug|x86.ActiveCfg = Debug|Any CPU
		{CD5105C0-FAF3-4F4B-BFF7-06985ED348DF}.Debug|x86.Build.0 = Debug|Any CPU
		{CD5105C0-FAF3-4F4B-BFF7-06985ED348DF}.Release|Any CPU.ActiveCfg = Release|Any CPU
		{CD5105C0-FAF3-4F4B-BFF7-06985ED348DF}.Release|Any CPU.Build.0 = Release|Any CPU
		{CD5105C0-FAF3-4F4B-BFF7-06985ED348DF}.Release|x64.ActiveCfg = Release|Any CPU
		{CD5105C0-FAF3-4F4B-BFF7-06985ED348DF}.Release|x64.Build.0 = Release|Any CPU
		{CD5105C0-FAF3-4F4B-BFF7-06985ED348DF}.Release|x86.ActiveCfg = Release|Any CPU
		{CD5105C0-FAF3-4F4B-BFF7-06985ED348DF}.Release|x86.Build.0 = Release|Any CPU
		{C7F53DF6-8F0B-44AF-AB0E-13733F97C6F3}.Debug|Any CPU.ActiveCfg = Debug|Any CPU
		{C7F53DF6-8F0B-44AF-AB0E-13733F97C6F3}.Debug|Any CPU.Build.0 = Debug|Any CPU
		{C7F53DF6-8F0B-44AF-AB0E-13733F97C6F3}.Debug|x64.ActiveCfg = Debug|Any CPU
		{C7F53DF6-8F0B-44AF-AB0E-13733F97C6F3}.Debug|x64.Build.0 = Debug|Any CPU
		{C7F53DF6-8F0B-44AF-AB0E-13733F97C6F3}.Debug|x86.ActiveCfg = Debug|Any CPU
		{C7F53DF6-8F0B-44AF-AB0E-13733F97C6F3}.Debug|x86.Build.0 = Debug|Any CPU
		{C7F53DF6-8F0B-44AF-AB0E-13733F97C6F3}.Release|Any CPU.ActiveCfg = Release|Any CPU
		{C7F53DF6-8F0B-44AF-AB0E-13733F97C6F3}.Release|Any CPU.Build.0 = Release|Any CPU
		{C7F53DF6-8F0B-44AF-AB0E-13733F97C6F3}.Release|x64.ActiveCfg = Release|Any CPU
		{C7F53DF6-8F0B-44AF-AB0E-13733F97C6F3}.Release|x64.Build.0 = Release|Any CPU
		{C7F53DF6-8F0B-44AF-AB0E-13733F97C6F3}.Release|x86.ActiveCfg = Release|Any CPU
		{C7F53DF6-8F0B-44AF-AB0E-13733F97C6F3}.Release|x86.Build.0 = Release|Any CPU
		{E77EFC94-4BB1-465C-89A0-6CA070D20670}.Debug|Any CPU.ActiveCfg = Debug|Any CPU
		{E77EFC94-4BB1-465C-89A0-6CA070D20670}.Debug|Any CPU.Build.0 = Debug|Any CPU
		{E77EFC94-4BB1-465C-89A0-6CA070D20670}.Debug|x64.ActiveCfg = Debug|Any CPU
		{E77EFC94-4BB1-465C-89A0-6CA070D20670}.Debug|x64.Build.0 = Debug|Any CPU
		{E77EFC94-4BB1-465C-89A0-6CA070D20670}.Debug|x86.ActiveCfg = Debug|Any CPU
		{E77EFC94-4BB1-465C-89A0-6CA070D20670}.Debug|x86.Build.0 = Debug|Any CPU
		{E77EFC94-4BB1-465C-89A0-6CA070D20670}.Release|Any CPU.ActiveCfg = Release|Any CPU
		{E77EFC94-4BB1-465C-89A0-6CA070D20670}.Release|Any CPU.Build.0 = Release|Any CPU
		{E77EFC94-4BB1-465C-89A0-6CA070D20670}.Release|x64.ActiveCfg = Release|Any CPU
		{E77EFC94-4BB1-465C-89A0-6CA070D20670}.Release|x64.Build.0 = Release|Any CPU
		{E77EFC94-4BB1-465C-89A0-6CA070D20670}.Release|x86.ActiveCfg = Release|Any CPU
		{E77EFC94-4BB1-465C-89A0-6CA070D20670}.Release|x86.Build.0 = Release|Any CPU
		{5888C45D-A6DC-45D1-8869-2FF97E77A6F4}.Debug|Any CPU.ActiveCfg = Debug|Any CPU
		{5888C45D-A6DC-45D1-8869-2FF97E77A6F4}.Debug|Any CPU.Build.0 = Debug|Any CPU
		{5888C45D-A6DC-45D1-8869-2FF97E77A6F4}.Debug|x64.ActiveCfg = Debug|Any CPU
		{5888C45D-A6DC-45D1-8869-2FF97E77A6F4}.Debug|x64.Build.0 = Debug|Any CPU
		{5888C45D-A6DC-45D1-8869-2FF97E77A6F4}.Debug|x86.ActiveCfg = Debug|Any CPU
		{5888C45D-A6DC-45D1-8869-2FF97E77A6F4}.Debug|x86.Build.0 = Debug|Any CPU
		{5888C45D-A6DC-45D1-8869-2FF97E77A6F4}.Release|Any CPU.ActiveCfg = Release|Any CPU
		{5888C45D-A6DC-45D1-8869-2FF97E77A6F4}.Release|Any CPU.Build.0 = Release|Any CPU
		{5888C45D-A6DC-45D1-8869-2FF97E77A6F4}.Release|x64.ActiveCfg = Release|Any CPU
		{5888C45D-A6DC-45D1-8869-2FF97E77A6F4}.Release|x64.Build.0 = Release|Any CPU
		{5888C45D-A6DC-45D1-8869-2FF97E77A6F4}.Release|x86.ActiveCfg = Release|Any CPU
		{5888C45D-A6DC-45D1-8869-2FF97E77A6F4}.Release|x86.Build.0 = Release|Any CPU
	EndGlobalSection
	GlobalSection(SolutionProperties) = preSolution
		HideSolutionNode = FALSE
	EndGlobalSection
EndGlobal
